
Microsoft Visual Studio Solution File, Format Version 12.00
# Visual Studio Version 17
VisualStudioVersion = 17.14.36908.2 d17.14
MinimumVisualStudioVersion = 10.0.40219.1
Project("{FAE04EC0-301F-11D3-BF4B-00C04F79EFBC}") = "PaletteParser", "PaletteParser\PaletteParser.csproj", "{43217877-3064-9366-F92C-45796C5BC91D}"
EndProject
Project("{FAE04EC0-301F-11D3-BF4B-00C04F79EFBC}") = "PaletteParser.Core", "PaletterParser.Core\PaletteParser.Core.csproj", "{9846CB4D-92E8-2A02-0C4A-F75A7538E089}"
EndProject
Global
	GlobalSection(SolutionConfigurationPlatforms) = preSolution
		Debug|Any CPU = Debug|Any CPU
		Release|Any CPU = Release|Any CPU
	EndGlobalSection
	GlobalSection(ProjectConfigurationPlatforms) = postSolution
		{43217877-3064-9366-F92C-45796C5BC91D}.Debug|Any CPU.ActiveCfg = Debug|Any CPU
		{43217877-3064-9366-F92C-45796C5BC91D}.Debug|Any CPU.Build.0 = Debug|Any CPU
		{43217877-3064-9366-F92C-45796C5BC91D}.Release|Any CPU.ActiveCfg = Release|Any CPU
		{43217877-3064-9366-F92C-45796C5BC91D}.Release|Any CPU.Build.0 = Release|Any CPU
		{9846CB4D-92E8-2A02-0C4A-F75A7538E089}.Debug|Any CPU.ActiveCfg = Debug|Any CPU
		{9846CB4D-92E8-2A02-0C4A-F75A7538E089}.Debug|Any CPU.Build.0 = Debug|Any CPU
		{9846CB4D-92E8-2A02-0C4A-F75A7538E089}.Release|Any CPU.ActiveCfg = Release|Any CPU
		{9846CB4D-92E8-2A02-0C4A-F75A7538E089}.Release|Any CPU.Build.0 = Release|Any CPU
	EndGlobalSection
	GlobalSection(SolutionProperties) = preSolution
		HideSolutionNode = FALSE
	EndGlobalSection
	GlobalSection(ExtensibilityGlobals) = postSolution
		SolutionGuid = {D7C32315-8AAB-4A32-B986-F305347470AC}
	EndGlobalSection
EndGlobal
